
Microsoft Visual Studio Solution File, Format Version 12.00
# Visual Studio Version 16
VisualStudioVersion = 16.0.31515.178
MinimumVisualStudioVersion = 10.0.40219.1
Project("{8BC9CEB8-8B4A-11D0-8D11-00A0C91BC942}") = "Tutoria_Lab1B", "Tutoria_Lab1B\Tutoria_Lab1B.vcxproj", "{C9E75FF6-0A6C-4F63-ADF0-B31BC5B98B28}"
EndProject
Global
	GlobalSection(SolutionConfigurationPlatforms) = preSolution
		Debug|x64 = Debug|x64
		Debug|x86 = Debug|x86
		Release|x64 = Release|x64
		Release|x86 = Release|x86
	EndGlobalSection
	GlobalSection(ProjectConfigurationPlatforms) = postSolution
		{C9E75FF6-0A6C-4F63-ADF0-B31BC5B98B28}.Debug|x64.ActiveCfg = Debug|x64
		{C9E75FF6-0A6C-4F63-ADF0-B31BC5B98B28}.Debug|x64.Build.0 = Debug|x64
		{C9E75FF6-0A6C-4F63-ADF0-B31BC5B98B28}.Debug|x86.ActiveCfg = Debug|Win32
		{C9E75FF6-0A6C-4F63-ADF0-B31BC5B98B28}.Debug|x86.Build.0 = Debug|Win32
		{C9E75FF6-0A6C-4F63-ADF0-B31BC5B98B28}.Release|x64.ActiveCfg = Release|x64
		{C9E75FF6-0A6C-4F63-ADF0-B31BC5B98B28}.Release|x64.Build.0 = Release|x64
		{C9E75FF6-0A6C-4F63-ADF0-B31BC5B98B28}.Release|x86.ActiveCfg = Release|Win32
		{C9E75FF6-0A6C-4F63-ADF0-B31BC5B98B28}.Release|x86.Build.0 = Release|Win32
	EndGlobalSection
	GlobalSection(SolutionProperties) = preSolution
		HideSolutionNode = FALSE
	EndGlobalSection
	GlobalSection(ExtensibilityGlobals) = postSolution
		SolutionGuid = {B441B06B-9478-4106-91C0-AC7F81229348}
	EndGlobalSection
EndGlobal
