
Microsoft Visual Studio Solution File, Format Version 12.00
# Visual Studio Version 16
VisualStudioVersion = 16.0.31515.178
MinimumVisualStudioVersion = 10.0.40219.1
Project("{8BC9CEB8-8B4A-11D0-8D11-00A0C91BC942}") = "LabA1Ejercicio3", "LabA1Ejercicio3\LabA1Ejercicio3.vcxproj", "{EA20252F-67DC-4165-8CFE-EFE3847B07FD}"
EndProject
Global
	GlobalSection(SolutionConfigurationPlatforms) = preSolution
		Debug|x64 = Debug|x64
		Debug|x86 = Debug|x86
		Release|x64 = Release|x64
		Release|x86 = Release|x86
	EndGlobalSection
	GlobalSection(ProjectConfigurationPlatforms) = postSolution
		{EA20252F-67DC-4165-8CFE-EFE3847B07FD}.Debug|x64.ActiveCfg = Debug|x64
		{EA20252F-67DC-4165-8CFE-EFE3847B07FD}.Debug|x64.Build.0 = Debug|x64
		{EA20252F-67DC-4165-8CFE-EFE3847B07FD}.Debug|x86.ActiveCfg = Debug|Win32
		{EA20252F-67DC-4165-8CFE-EFE3847B07FD}.Debug|x86.Build.0 = Debug|Win32
		{EA20252F-67DC-4165-8CFE-EFE3847B07FD}.Release|x64.ActiveCfg = Release|x64
		{EA20252F-67DC-4165-8CFE-EFE3847B07FD}.Release|x64.Build.0 = Release|x64
		{EA20252F-67DC-4165-8CFE-EFE3847B07FD}.Release|x86.ActiveCfg = Release|Win32
		{EA20252F-67DC-4165-8CFE-EFE3847B07FD}.Release|x86.Build.0 = Release|Win32
	EndGlobalSection
	GlobalSection(SolutionProperties) = preSolution
		HideSolutionNode = FALSE
	EndGlobalSection
	GlobalSection(ExtensibilityGlobals) = postSolution
		SolutionGuid = {35B19C92-6D63-4955-AB38-0322B7E8DBBF}
	EndGlobalSection
EndGlobal
