
Microsoft Visual Studio Solution File, Format Version 12.00
# Visual Studio Version 16
VisualStudioVersion = 16.0.31515.178
MinimumVisualStudioVersion = 10.0.40219.1
Project("{8BC9CEB8-8B4A-11D0-8D11-00A0C91BC942}") = "Pila_Cola_ T_ArticuloDinamico", "Pila_Cola_ T_ArticuloDinamico\Pila_Cola_ T_ArticuloDinamico.vcxproj", "{F23B4C68-8824-4C1A-BDE0-AEA651747289}"
EndProject
Global
	GlobalSection(SolutionConfigurationPlatforms) = preSolution
		Debug|x64 = Debug|x64
		Debug|x86 = Debug|x86
		Release|x64 = Release|x64
		Release|x86 = Release|x86
	EndGlobalSection
	GlobalSection(ProjectConfigurationPlatforms) = postSolution
		{F23B4C68-8824-4C1A-BDE0-AEA651747289}.Debug|x64.ActiveCfg = Debug|x64
		{F23B4C68-8824-4C1A-BDE0-AEA651747289}.Debug|x64.Build.0 = Debug|x64
		{F23B4C68-8824-4C1A-BDE0-AEA651747289}.Debug|x86.ActiveCfg = Debug|Win32
		{F23B4C68-8824-4C1A-BDE0-AEA651747289}.Debug|x86.Build.0 = Debug|Win32
		{F23B4C68-8824-4C1A-BDE0-AEA651747289}.Release|x64.ActiveCfg = Release|x64
		{F23B4C68-8824-4C1A-BDE0-AEA651747289}.Release|x64.Build.0 = Release|x64
		{F23B4C68-8824-4C1A-BDE0-AEA651747289}.Release|x86.ActiveCfg = Release|Win32
		{F23B4C68-8824-4C1A-BDE0-AEA651747289}.Release|x86.Build.0 = Release|Win32
	EndGlobalSection
	GlobalSection(SolutionProperties) = preSolution
		HideSolutionNode = FALSE
	EndGlobalSection
	GlobalSection(ExtensibilityGlobals) = postSolution
		SolutionGuid = {12B677F2-E7BE-433C-B8C3-B959014824DF}
	EndGlobalSection
EndGlobal
